lockfileVersion: '9.0'

settings:
  autoInstallPeers: true
  excludeLinksFromLockfile: false

importers:

  .:
    dependencies:
      d3-axis:
        specifier: ^2.1.0
        version: 2.1.0
      d3-scale:
        specifier: ^3.3.0
        version: 3.3.0
      d3-selection:
        specifier: ^2.0.0
        version: 2.0.0
      d3-shape:
        specifier: ^2.1.0
        version: 2.1.0
      dayjs:
        specifier: ^1.11.10
        version: 1.11.19
    devDependencies:
      '@types/d3-axis':
        specifier: ^2.1.0
        version: 2.1.6
      '@types/d3-scale':
        specifier: ^3.3.0
        version: 3.3.5
      '@types/d3-selection':
        specifier: ^2.0.0
        version: 2.0.5
      '@types/d3-shape':
        specifier: ^2.1.0
        version: 2.1.7
      concurrently:
        specifier: ^10.0.4
        version: 10.0.4

packages:

  '@types/d3-axis@2.1.6':
    resolution: {integrity: sha512-X/CazlQun7XcSbRhaxwr605neUIGiUeURvsOGAIdvH1nD6o25pzkdxPNe7XcTKyRJeShlubjsUEG9tNeZZdRaQ==}

  '@types/d3-path@2.0.4':
    resolution: {integrity: sha512-jjZVLBjEX4q6xneKMmv62UocaFJFOTQSb/1aTzs3m3ICTOFoVaqGBHpNLm/4dVi0/FTltfBKgmOK1ECj3/gGjA==}

  '@types/d3-scale@3.3.5':
    resolution: {integrity: sha512-YOpKj0kIEusRf7ofeJcSZQsvKbnTwpe1DUF+P2qsotqG53kEsjm7EzzliqQxMkAWdkZcHrg5rRhB4JiDOQPX+A==}

  '@types/d3-selection@2.0.5':
    resolution: {integrity: sha512-71BorcY0yXl12S7lvb01JdaN9TpeUHBDb4RRhSq8U8BEkX/nIk5p7Byho+ZRTsx5nYLMpAbY3qt5EhqFzfGJlw==}

  '@types/d3-shape@2.1.7':
    resolution: {integrity: sha512-HedHlfGHdwzKqX9+PiQVXZrdmGlwo7naoefJP7kCNk4Y7qcpQt1tUaoRa6qn0kbTdlaIHGO7111qLtb/6J8uuw==}

  '@types/d3-time@2.1.4':
    resolution: {integrity: sha512-BTfLsxTeo7yFxI/haOOf1ZwJ6xKgQLT9dCp+EcmQv87Gox6X+oKl4mLKfO6fnWm3P22+A6DknMNEZany8ql2Rw==}

  ansi-regex@6.2.2:
    resolution: {integrity: sha512-Bq3SmSpyFHaWjPk8If9yc6svM8c56dB5BAtW4Qbw5jHTwwXXcTLoRMkpDJp6VL0XzlWaCHTXrkFURMYmD0sLqg==}
    engines: {node: '>=12'}

  ansi-styles@6.2.3:
    resolution: {integrity: sha512-4Dj6M28JB+oAH8kFkTLUo+a2jwOFkuqb3yucU0CANcRRUbxS0cP0nZYCGjcc3BNXwRIsUVmDGgzawme7zvJHvg==}
    engines: {node: '>=12'}

  chalk@5.6.2:
    resolution: {integrity: sha512-7NzBL0rN6fMUW+f7A6Io4h40qQlG+xGmtMxfbnH/K7TAtt8JQWVQK+6g0UXKMeVJoyV5EkkNsErQ8pVD3bLHbA==}
    engines: {node: ^12.17.0 || ^14.13 || >=16.0.0}

  cliui@9.0.1:
    resolution: {integrity: sha512-k7ndgKhwoQveBL+/1tqGJYNz097I7WOvwbmmU2AR5+magtbjPWQTS1C5vzGkBC8Ym8UWRzfKUzUUqFLypY4Q+w==}
    engines: {node: '>=20'}

  concurrently@10.0.4:
    resolution: {integrity: sha512-trZql+7l/0+WRAsAnEdctr4+iiOS6ZrViI6H8QWcCF9MFS/LT0dKpe8vluB1to6it+OxSI4VospFTIFMW8DJRw==}
    engines: {node: '>=22'}
    hasBin: true

  d3-array@2.12.1:
    resolution: {integrity: sha512-B0ErZK/66mHtEsR1TkPEEkwdy+WDesimkM5gpZr5Dsg54BiTA5RXtYW5qTLIAcekaS9xfZrzBLF/OAkB3Qn1YQ==}

  d3-axis@2.1.0:
    resolution: {integrity: sha512-z/G2TQMyuf0X3qP+Mh+2PimoJD41VOCjViJzT0BHeL/+JQAofkiWZbWxlwFGb1N8EN+Cl/CW+MUKbVzr1689Cw==}

  d3-color@2.0.0:
    resolution: {integrity: sha512-SPXi0TSKPD4g9tw0NMZFnR95XVgUZiBH+uUTqQuDu1OsE2zomHU7ho0FISciaPvosimixwHFl3WHLGabv6dDgQ==}

  d3-format@2.0.0:
    resolution: {integrity: sha512-Ab3S6XuE/Q+flY96HXT0jOXcM4EAClYFnRGY5zsjRGNy6qCYrQsMffs7cV5Q9xejb35zxW5hf/guKw34kvIKsA==}

  d3-interpolate@2.0.1:
    resolution: {integrity: sha512-c5UhwwTs/yybcmTpAVqwSFl6vrQ8JZJoT5F7xNFK9pymv5C0Ymcc9/LIJHtYIggg/yS9YHw8i8O8tgb9pupjeQ==}

  d3-path@2.0.0:
    resolution: {integrity: sha512-ZwZQxKhBnv9yHaiWd6ZU4x5BtCQ7pXszEV9CU6kRgwIQVQGLMv1oiL4M+MK/n79sYzsj+gcgpPQSctJUsLN7fA==}

  d3-scale@3.3.0:
    resolution: {integrity: sha512-1JGp44NQCt5d1g+Yy+GeOnZP7xHo0ii8zsQp6PGzd+C1/dl0KGsp9A7Mxwp+1D1o4unbTTxVdU/ZOIEBoeZPbQ==}

  d3-selection@2.0.0:
    resolution: {integrity: sha512-XoGGqhLUN/W14NmaqcO/bb1nqjDAw5WtSYb2X8wiuQWvSZUsUVYsOSkOybUrNvcBjaywBdYPy03eXHMXjk9nZA==}

  d3-shape@2.1.0:
    resolution: {integrity: sha512-PnjUqfM2PpskbSLTJvAzp2Wv4CZsnAgTfcVRTwW03QR3MkXF8Uo7B1y/lWkAsmbKwuecto++4NlsYcvYpXpTHA==}

  d3-time-format@3.0.0:
    resolution: {integrity: sha512-UXJh6EKsHBTjopVqZBhFysQcoXSv/5yLONZvkQ5Kk3qbwiUYkdX17Xa1PT6U1ZWXGGfB1ey5L8dKMlFq2DO0Ag==}

  d3-time@2.1.1:
    resolution: {integrity: sha512-/eIQe/eR4kCQwq7yxi7z4c6qEXf2IYGcjoWB5OOQy4Tq9Uv39/947qlDcN2TLkiTzQWzvnsuYPB9TrWaNfipKQ==}

  dayjs@1.11.19:
    resolution: {integrity: sha512-t5EcLVS6QPBNqM2z8fakk/NKel+Xzshgt8FFKAn+qwlD1pzZWxh0nVCrvFK7ZDb6XucZeF9z8C7CBWTRIVApAw==}

  emoji-regex@10.6.0:
    resolution: {integrity: sha512-toUI84YS5YmxW219erniWD0CIVOo46xGKColeNQRgOzDorgBi1v4D71/OFzgD9GO2UGKIv1C3Sp8DAn0+j5w7A==}

  escalade@3.2.0:
    resolution: {integrity: sha512-WUj2qlxaQtO4g6Pq5c29GTcWGDyd8itL8zTlipgECz3JesAiiOKotd8JU6otB3PACgG6xkJUyVhboMS+bje/jA==}
    engines: {node: '>=6'}

  get-caller-file@2.0.5:
    resolution: {integrity: sha512-DyFP3BM/3YHTQOCUL/w0OZHR0lpKeGrxotcHWcqNEdnltqFwXVfhEBQ94eIo34AfQpo0rGki4cyIiftY06h2Fg==}
    engines: {node: 6.* || 8.* || >= 10.*}

  get-east-asian-width@1.6.0:
    resolution: {integrity: sha512-QRbvDIbx6YklUe6RxeTeleMR0yv3cYH6PsPZHcnVn7xv7zO1BHN8r0XETu8n6Ye3Q+ahtSarc3WgtNWmehIBfA==}
    engines: {node: '>=18'}

  internmap@1.0.1:
    resolution: {integrity: sha512-lDB5YccMydFBtasVtxnZ3MRBHuaoE8GKsppq+EchKL2U4nK/DmEpPHNH8MZe5HkMtpSiTSOZwfN0tzYjO/lJEw==}

  rxjs@7.8.2:
    resolution: {integrity: sha512-dhKf903U/PQZY6boNNtAGdWbG85WAbjT/1xYoZIC7FAY0yWapOBQVsVrDl58W86//e1VpMNBtRV4MaXfdMySFA==}

  shell-quote@1.9.0:
    resolution: {integrity: sha512-Iov+JwFv/2HcTpcwNMKd8+IWNb8tboQJNQTkAY/LLVK7gGH9jy+LGkVqPxfekHl+yMmiqXszdGWXgkfml7hjqA==}
    engines: {node: '>= 0.4'}

  string-width@7.2.0:
    resolution: {integrity: sha512-tsaTIkKW9b4N+AEj+SVA+WhJzV7/zMhcSu78mLKWSk7cXMOSHsBKFWUs0fWwq8QyK3MgJBQRX6Gbi4kYbdvGkQ==}
    engines: {node: '>=18'}

  strip-ansi@7.2.0:
    resolution: {integrity: sha512-yDPMNjp4WyfYBkHnjIRLfca1i6KMyGCtsVgoKe/z1+6vukgaENdgGBZt+ZmKPc4gavvEZ5OgHfHdrazhgNyG7w==}
    engines: {node: '>=12'}

  supports-color@10.2.2:
    resolution: {integrity: sha512-SS+jx45GF1QjgEXQx4NJZV9ImqmO2NPz5FNsIHrsDjh2YsHnawpan7SNQ1o8NuhrbHZy9AZhIoCUiCeaW/C80g==}
    engines: {node: '>=18'}

  tree-kill@1.2.2:
    resolution: {integrity: sha512-L0Orpi8qGpRG//Nd+H90vFB+3iHnue1zSSGmNOOCh1GLJ7rUKVwV2HvijphGQS2UmhUZewS9VgvxYIdgr+fG1A==}
    hasBin: true

  tslib@2.8.1:
    resolution: {integrity: sha512-oJFu94HQb+KVduSUQL7wnpmqnfmLsOA/nAh6b6EH0wCEoK0/mPeXU6c3wKDV83MkOuHPRHtSXKKU99IBazS/2w==}

  wrap-ansi@9.0.2:
    resolution: {integrity: sha512-42AtmgqjV+X1VpdOfyTGOYRi0/zsoLqtXQckTmqTeybT+BDIbM/Guxo7x3pE2vtpr1ok6xRqM9OpBe+Jyoqyww==}
    engines: {node: '>=18'}

  y18n@5.0.8:
    resolution: {integrity: sha512-0pfFzegeDWJHJIAmTLRP2DwHjdF5s7jo9tuztdQxAhINCdvS+3nGINqPd00AphqJR/0LhANUS6/+7SCb98YOfA==}
    engines: {node: '>=10'}

  yargs-parser@22.0.0:
    resolution: {integrity: sha512-rwu/ClNdSMpkSrUb+d6BRsSkLUq1fmfsY6TOpYzTwvwkg1/NRG85KBy3kq++A8LKQwX6lsu+aWad+2khvuXrqw==}
    engines: {node: ^20.19.0 || ^22.12.0 || >=23}

  yargs@18.0.0:
    resolution: {integrity: sha512-4UEqdc2RYGHZc7Doyqkrqiln3p9X2DZVxaGbwhn2pi7MrRagKaOcIKe8L3OxYcbhXLgLFUS3zAYuQjKBQgmuNg==}
    engines: {node: ^20.19.0 || ^22.12.0 || >=23}

snapshots:

  '@types/d3-axis@2.1.6':
    dependencies:
      '@types/d3-selection': 2.0.5

  '@types/d3-path@2.0.4': {}

  '@types/d3-scale@3.3.5':
    dependencies:
      '@types/d3-time': 2.1.4

  '@types/d3-selection@2.0.5': {}

  '@types/d3-shape@2.1.7':
    dependencies:
      '@types/d3-path': 2.0.4

  '@types/d3-time@2.1.4': {}

  ansi-regex@6.2.2: {}

  ansi-styles@6.2.3: {}

  chalk@5.6.2: {}

  cliui@9.0.1:
    dependencies:
      string-width: 7.2.0
      strip-ansi: 7.2.0
      wrap-ansi: 9.0.2

  concurrently@10.0.4:
    dependencies:
      chalk: 5.6.2
      rxjs: 7.8.2
      shell-quote: 1.9.0
      supports-color: 10.2.2
      tree-kill: 1.2.2
      yargs: 18.0.0

  d3-array@2.12.1:
    dependencies:
      internmap: 1.0.1

  d3-axis@2.1.0: {}

  d3-color@2.0.0: {}

  d3-format@2.0.0: {}

  d3-interpolate@2.0.1:
    dependencies:
      d3-color: 2.0.0

  d3-path@2.0.0: {}

  d3-scale@3.3.0:
    dependencies:
      d3-array: 2.12.1
      d3-format: 2.0.0
      d3-interpolate: 2.0.1
      d3-time: 2.1.1
      d3-time-format: 3.0.0

  d3-selection@2.0.0: {}

  d3-shape@2.1.0:
    dependencies:
      d3-path: 2.0.0

  d3-time-format@3.0.0:
    dependencies:
      d3-time: 2.1.1

  d3-time@2.1.1:
    dependencies:
      d3-array: 2.12.1

  dayjs@1.11.19: {}

  emoji-regex@10.6.0: {}

  escalade@3.2.0: {}

  get-caller-file@2.0.5: {}

  get-east-asian-width@1.6.0: {}

  internmap@1.0.1: {}

  rxjs@7.8.2:
    dependencies:
      tslib: 2.8.1

  shell-quote@1.9.0: {}

  string-width@7.2.0:
    dependencies:
      emoji-regex: 10.6.0
      get-east-asian-width: 1.6.0
      strip-ansi: 7.2.0

  strip-ansi@7.2.0:
    dependencies:
      ansi-regex: 6.2.2

  supports-color@10.2.2: {}

  tree-kill@1.2.2: {}

  tslib@2.8.1: {}

  wrap-ansi@9.0.2:
    dependencies:
      ansi-styles: 6.2.3
      string-width: 7.2.0
      strip-ansi: 7.2.0

  y18n@5.0.8: {}

  yargs-parser@22.0.0: {}

  yargs@18.0.0:
    dependencies:
      cliui: 9.0.1
      escalade: 3.2.0
      get-caller-file: 2.0.5
      string-width: 7.2.0
      y18n: 5.0.8
      yargs-parser: 22.0.0
